
Microsoft Visual Studio Solution File, Format Version 12.00
# Visual Studio Version 16
VisualStudioVersion = 16.0.31624.102
MinimumVisualStudioVersion = 10.0.40219.1
Project("{FAE04EC0-301F-11D3-BF4B-00C04F79EFBC}") = "ASPTP61", "ASPTP61\ASPTP61.csproj", "{028C9CAE-6334-422E-A57E-21F5F0B7ECF6}"
EndProject
Global
	GlobalSection(SolutionConfigurationPlatforms) = preSolution
		Debug|Any CPU = Debug|Any CPU
		Release|Any CPU = Release|Any CPU
	EndGlobalSection
	GlobalSection(ProjectConfigurationPlatforms) = postSolution
		{028C9CAE-6334-422E-A57E-21F5F0B7ECF6}.Debug|Any CPU.ActiveCfg = Debug|Any CPU
		{028C9CAE-6334-422E-A57E-21F5F0B7ECF6}.Debug|Any CPU.Build.0 = Debug|Any CPU
		{028C9CAE-6334-422E-A57E-21F5F0B7ECF6}.Release|Any CPU.ActiveCfg = Release|Any CPU
		{028C9CAE-6334-422E-A57E-21F5F0B7ECF6}.Release|Any CPU.Build.0 = Release|Any CPU
	EndGlobalSection
	GlobalSection(SolutionProperties) = preSolution
		HideSolutionNode = FALSE
	EndGlobalSection
	GlobalSection(ExtensibilityGlobals) = postSolution
		SolutionGuid = {3AD65D81-477E-47B4-8670-6C3EBA28F215}
	EndGlobalSection
EndGlobal
